// !$*UTF8*$!
{
	archiveVersion = 1;
	classes = {
	};
	objectVersion = 55;
	objects = {

/* Begin PBXBuildFile section */
		7C0D204DE85B92ABF16C3F0F /* Pods_ChuckNorrisTests.framework in Frameworks */ = {isa = PBXBuildFile; fileRef = 00906793C58A59CBBE6FC67D /* Pods_ChuckNorrisTests.framework */; };
		95B90B75166F3D29848AE30B /* Pods_ChuckNorris.framework in Frameworks */ = {isa = PBXBuildFile; fileRef = 51F256EBADC84AB06289C8E7 /* Pods_ChuckNorris.framework */; };
		979BB0C4FE63BD27D963157D /* Pods_ChuckNorris_ChuckNorrisUITests.framework in Frameworks */ = {isa = PBXBuildFile; fileRef = 4587DB87F20A49E3A30DBE5E /* Pods_ChuckNorris_ChuckNorrisUITests.framework */; };
		AC5C44CC271D5545008A9229 /* AppDelegate.swift in Sources */ = {isa = PBXBuildFile; fileRef = AC5C44CB271D5545008A9229 /* AppDelegate.swift */; };
		AC5C44D5271D5547008A9229 /* Assets.xcassets in Resources */ = {isa = PBXBuildFile; fileRef = AC5C44D4271D5547008A9229 /* Assets.xcassets */; };
		AC5C44D8271D5547008A9229 /* LaunchScreen.storyboard in Resources */ = {isa = PBXBuildFile; fileRef = AC5C44D6271D5547008A9229 /* LaunchScreen.storyboard */; };
		AC5C44E3271D5547008A9229 /* ChuckNorrisTests.swift in Sources */ = {isa = PBXBuildFile; fileRef = AC5C44E2271D5547008A9229 /* ChuckNorrisTests.swift */; };
		AC5C44ED271D5547008A9229 /* ChuckNorrisUITests.swift in Sources */ = {isa = PBXBuildFile; fileRef = AC5C44EC271D5547008A9229 /* ChuckNorrisUITests.swift */; };
		AC5C44EF271D5547008A9229 /* ChuckNorrisUITestsLaunchTests.swift in Sources */ = {isa = PBXBuildFile; fileRef = AC5C44EE271D5547008A9229 /* ChuckNorrisUITestsLaunchTests.swift */; };
		AC896538271D590500BD7DB3 /* ChuckNorrisApi.swift in Sources */ = {isa = PBXBuildFile; fileRef = AC896537271D590500BD7DB3 /* ChuckNorrisApi.swift */; };
		AC89653B271D5A0500BD7DB3 /* ChuckNorrisManager.swift in Sources */ = {isa = PBXBuildFile; fileRef = AC89653A271D5A0500BD7DB3 /* ChuckNorrisManager.swift */; };
		AC89653D271D5C7C00BD7DB3 /* ChuckNorrisModel.swift in Sources */ = {isa = PBXBuildFile; fileRef = AC89653C271D5C7C00BD7DB3 /* ChuckNorrisModel.swift */; };
		AC896541271D60DC00BD7DB3 /* UIImageView+Extension.swift in Sources */ = {isa = PBXBuildFile; fileRef = AC896540271D60DC00BD7DB3 /* UIImageView+Extension.swift */; };
		AC896544271D615400BD7DB3 /* CategoriesListBuilder.swift in Sources */ = {isa = PBXBuildFile; fileRef = AC896543271D615400BD7DB3 /* CategoriesListBuilder.swift */; };
		AC896546271D615C00BD7DB3 /* CategoriesListInteractor.swift in Sources */ = {isa = PBXBuildFile; fileRef = AC896545271D615C00BD7DB3 /* CategoriesListInteractor.swift */; };
		AC896548271D616500BD7DB3 /* CategoriesListPresenter.swift in Sources */ = {isa = PBXBuildFile; fileRef = AC896547271D616500BD7DB3 /* CategoriesListPresenter.swift */; };
		AC89654A271D616C00BD7DB3 /* CategoriesListRouter.swift in Sources */ = {isa = PBXBuildFile; fileRef = AC896549271D616C00BD7DB3 /* CategoriesListRouter.swift */; };
		AC89654C271D617900BD7DB3 /* CategoriesListViewController.swift in Sources */ = {isa = PBXBuildFile; fileRef = AC89654B271D617900BD7DB3 /* CategoriesListViewController.swift */; };
		AC89654E271D618100BD7DB3 /* CategoriesList.storyboard in Resources */ = {isa = PBXBuildFile; fileRef = AC89654D271D618100BD7DB3 /* CategoriesList.storyboard */; };
		AC896551271D62C400BD7DB3 /* Router.swift in Sources */ = {isa = PBXBuildFile; fileRef = AC896550271D62C400BD7DB3 /* Router.swift */; };
/* End PBXBuildFile section */

/* Begin PBXContainerItemProxy section */
		AC5C44DF271D5547008A9229 /* PBXContainerItemProxy */ = {
			isa = PBXContainerItemProxy;
			containerPortal = AC5C44C0271D5545008A9229 /* Project object */;
			proxyType = 1;
			remoteGlobalIDString = AC5C44C7271D5545008A9229;
			remoteInfo = ChuckNorris;
		};
		AC5C44E9271D5547008A9229 /* PBXContainerItemProxy */ = {
			isa = PBXContainerItemProxy;
			containerPortal = AC5C44C0271D5545008A9229 /* Project object */;
			proxyType = 1;
			remoteGlobalIDString = AC5C44C7271D5545008A9229;
			remoteInfo = ChuckNorris;
		};
/* End PBXContainerItemProxy section */

/* Begin PBXFileReference section */
		00906793C58A59CBBE6FC67D /* Pods_ChuckNorrisTests.framework */ = {isa = PBXFileReference; explicitFileType = wrapper.framework; includeInIndex = 0; path = Pods_ChuckNorrisTests.framework; sourceTree = BUILT_PRODUCTS_DIR; };
		0F702918C0E34841973AF4B5 /* Pods-ChuckNorris.release.xcconfig */ = {isa = PBXFileReference; includeInIndex = 1; lastKnownFileType = text.xcconfig; name = "Pods-ChuckNorris.release.xcconfig"; path = "Target Support Files/Pods-ChuckNorris/Pods-ChuckNorris.release.xcconfig"; sourceTree = "<group>"; };
		14E4F85F50FEAF4756A476CC /* Pods-ChuckNorris-ChuckNorrisUITests.release.xcconfig */ = {isa = PBXFileReference; includeInIndex = 1; lastKnownFileType = text.xcconfig; name = "Pods-ChuckNorris-ChuckNorrisUITests.release.xcconfig"; path = "Target Support Files/Pods-ChuckNorris-ChuckNorrisUITests/Pods-ChuckNorris-ChuckNorrisUITests.release.xcconfig"; sourceTree = "<group>"; };
		4587DB87F20A49E3A30DBE5E /* Pods_ChuckNorris_ChuckNorrisUITests.framework */ = {isa = PBXFileReference; explicitFileType = wrapper.framework; includeInIndex = 0; path = Pods_ChuckNorris_ChuckNorrisUITests.framework; sourceTree = BUILT_PRODUCTS_DIR; };
		51F256EBADC84AB06289C8E7 /* Pods_ChuckNorris.framework */ = {isa = PBXFileReference; explicitFileType = wrapper.framework; includeInIndex = 0; path = Pods_ChuckNorris.framework; sourceTree = BUILT_PRODUCTS_DIR; };
		6D7FA2A4BBF7CFAEABD48288 /* Pods-ChuckNorrisTests.debug.xcconfig */ = {isa = PBXFileReference; includeInIndex = 1; lastKnownFileType = text.xcconfig; name = "Pods-ChuckNorrisTests.debug.xcconfig"; path = "Target Support Files/Pods-ChuckNorrisTests/Pods-ChuckNorrisTests.debug.xcconfig"; sourceTree = "<group>"; };
		AC5C44C8271D5545008A9229 /* ChuckNorris.app */ = {isa = PBXFileReference; explicitFileType = wrapper.application; includeInIndex = 0; path = ChuckNorris.app; sourceTree = BUILT_PRODUCTS_DIR; };
		AC5C44CB271D5545008A9229 /* AppDelegate.swift */ = {isa = PBXFileReference; lastKnownFileType = sourcecode.swift; path = AppDelegate.swift; sourceTree = "<group>"; };
		AC5C44D4271D5547008A9229 /* Assets.xcassets */ = {isa = PBXFileReference; lastKnownFileType = folder.assetcatalog; path = Assets.xcassets; sourceTree = "<group>"; };
		AC5C44D7271D5547008A9229 /* Base */ = {isa = PBXFileReference; lastKnownFileType = file.storyboard; name = Base; path = Base.lproj/LaunchScreen.storyboard; sourceTree = "<group>"; };
		AC5C44D9271D5547008A9229 /* Info.plist */ = {isa = PBXFileReference; lastKnownFileType = text.plist.xml; path = Info.plist; sourceTree = "<group>"; };
		AC5C44DE271D5547008A9229 /* ChuckNorrisTests.xctest */ = {isa = PBXFileReference; explicitFileType = wrapper.cfbundle; includeInIndex = 0; path = ChuckNorrisTests.xctest; sourceTree = BUILT_PRODUCTS_DIR; };
		AC5C44E2271D5547008A9229 /* ChuckNorrisTests.swift */ = {isa = PBXFileReference; lastKnownFileType = sourcecode.swift; path = ChuckNorrisTests.swift; sourceTree = "<group>"; };
		AC5C44E8271D5547008A9229 /* ChuckNorrisUITests.xctest */ = {isa = PBXFileReference; explicitFileType = wrapper.cfbundle; includeInIndex = 0; path = ChuckNorrisUITests.xctest; sourceTree = BUILT_PRODUCTS_DIR; };
		AC5C44EC271D5547008A9229 /* ChuckNorrisUITests.swift */ = {isa = PBXFileReference; lastKnownFileType = sourcecode.swift; path = ChuckNorrisUITests.swift; sourceTree = "<group>"; };
		AC5C44EE271D5547008A9229 /* ChuckNorrisUITestsLaunchTests.swift */ = {isa = PBXFileReference; lastKnownFileType = sourcecode.swift; path = ChuckNorrisUITestsLaunchTests.swift; sourceTree = "<group>"; };
		AC896537271D590500BD7DB3 /* ChuckNorrisApi.swift */ = {isa = PBXFileReference; lastKnownFileType = sourcecode.swift; path = ChuckNorrisApi.swift; sourceTree = "<group>"; };
		AC89653A271D5A0500BD7DB3 /* ChuckNorrisManager.swift */ = {isa = PBXFileReference; lastKnownFileType = sourcecode.swift; path = ChuckNorrisManager.swift; sourceTree = "<group>"; };
		AC89653C271D5C7C00BD7DB3 /* ChuckNorrisModel.swift */ = {isa = PBXFileReference; lastKnownFileType = sourcecode.swift; path = ChuckNorrisModel.swift; sourceTree = "<group>"; };
		AC896540271D60DC00BD7DB3 /* UIImageView+Extension.swift */ = {isa = PBXFileReference; lastKnownFileType = sourcecode.swift; path = "UIImageView+Extension.swift"; sourceTree = "<group>"; };
		AC896543271D615400BD7DB3 /* CategoriesListBuilder.swift */ = {isa = PBXFileReference; lastKnownFileType = sourcecode.swift; path = CategoriesListBuilder.swift; sourceTree = "<group>"; };
		AC896545271D615C00BD7DB3 /* CategoriesListInteractor.swift */ = {isa = PBXFileReference; lastKnownFileType = sourcecode.swift; path = CategoriesListInteractor.swift; sourceTree = "<group>"; };
		AC896547271D616500BD7DB3 /* CategoriesListPresenter.swift */ = {isa = PBXFileReference; lastKnownFileType = sourcecode.swift; path = CategoriesListPresenter.swift; sourceTree = "<group>"; };
		AC896549271D616C00BD7DB3 /* CategoriesListRouter.swift */ = {isa = PBXFileReference; lastKnownFileType = sourcecode.swift; path = CategoriesListRouter.swift; sourceTree = "<group>"; };
		AC89654B271D617900BD7DB3 /* CategoriesListViewController.swift */ = {isa = PBXFileReference; lastKnownFileType = sourcecode.swift; path = CategoriesListViewController.swift; sourceTree = "<group>"; };
		AC89654D271D618100BD7DB3 /* CategoriesList.storyboard */ = {isa = PBXFileReference; lastKnownFileType = file.storyboard; path = CategoriesList.storyboard; sourceTree = "<group>"; };
		AC896550271D62C400BD7DB3 /* Router.swift */ = {isa = PBXFileReference; lastKnownFileType = sourcecode.swift; path = Router.swift; sourceTree = "<group>"; };
		C241DA8090B1F1B05E6D9A77 /* Pods-ChuckNorris-ChuckNorrisUITests.debug.xcconfig */ = {isa = PBXFileReference; includeInIndex = 1; lastKnownFileType = text.xcconfig; name = "Pods-ChuckNorris-ChuckNorrisUITests.debug.xcconfig"; path = "Target Support Files/Pods-ChuckNorris-ChuckNorrisUITests/Pods-ChuckNorris-ChuckNorrisUITests.debug.xcconfig"; sourceTree = "<group>"; };
		D3B1DA1B5AE3556F2C05077D /* Pods-ChuckNorris.debug.xcconfig */ = {isa = PBXFileReference; includeInIndex = 1; lastKnownFileType = text.xcconfig; name = "Pods-ChuckNorris.debug.xcconfig"; path = "Target Support Files/Pods-ChuckNorris/Pods-ChuckNorris.debug.xcconfig"; sourceTree = "<group>"; };
		F4DC9D2698CFE2889D7F341F /* Pods-ChuckNorrisTests.release.xcconfig */ = {isa = PBXFileReference; includeInIndex = 1; lastKnownFileType = text.xcconfig; name = "Pods-ChuckNorrisTests.release.xcconfig"; path = "Target Support Files/Pods-ChuckNorrisTests/Pods-ChuckNorrisTests.release.xcconfig"; sourceTree = "<group>"; };
/* End PBXFileReference section */

/* Begin PBXFrameworksBuildPhase section */
		AC5C44C5271D5545008A9229 /* Frameworks */ = {
			isa = PBXFrameworksBuildPhase;
			buildActionMask = 2147483647;
			files = (
				95B90B75166F3D29848AE30B /* Pods_ChuckNorris.framework in Frameworks */,
			);
			runOnlyForDeploymentPostprocessing = 0;
		};
		AC5C44DB271D5547008A9229 /* Frameworks */ = {
			isa = PBXFrameworksBuildPhase;
			buildActionMask = 2147483647;
			files = (
				7C0D204DE85B92ABF16C3F0F /* Pods_ChuckNorrisTests.framework in Frameworks */,
			);
			runOnlyForDeploymentPostprocessing = 0;
		};
		AC5C44E5271D5547008A9229 /* Frameworks */ = {
			isa = PBXFrameworksBuildPhase;
			buildActionMask = 2147483647;
			files = (
				979BB0C4FE63BD27D963157D /* Pods_ChuckNorris_ChuckNorrisUITests.framework in Frameworks */,
			);
			runOnlyForDeploymentPostprocessing = 0;
		};
/* End PBXFrameworksBuildPhase section */

/* Begin PBXGroup section */
		07D2F4A216524F89E9DEF47C /* Pods */ = {
			isa = PBXGroup;
			children = (
				D3B1DA1B5AE3556F2C05077D /* Pods-ChuckNorris.debug.xcconfig */,
				0F702918C0E34841973AF4B5 /* Pods-ChuckNorris.release.xcconfig */,
				C241DA8090B1F1B05E6D9A77 /* Pods-ChuckNorris-ChuckNorrisUITests.debug.xcconfig */,
				14E4F85F50FEAF4756A476CC /* Pods-ChuckNorris-ChuckNorrisUITests.release.xcconfig */,
				6D7FA2A4BBF7CFAEABD48288 /* Pods-ChuckNorrisTests.debug.xcconfig */,
				F4DC9D2698CFE2889D7F341F /* Pods-ChuckNorrisTests.release.xcconfig */,
			);
			path = Pods;
			sourceTree = "<group>";
		};
		AC5C44BF271D5545008A9229 = {
			isa = PBXGroup;
			children = (
				AC5C44CA271D5545008A9229 /* ChuckNorris */,
				AC5C44E1271D5547008A9229 /* ChuckNorrisTests */,
				AC5C44EB271D5547008A9229 /* ChuckNorrisUITests */,
				AC5C44C9271D5545008A9229 /* Products */,
				07D2F4A216524F89E9DEF47C /* Pods */,
				D5F504C0EC17CA99D425EEF7 /* Frameworks */,
			);
			sourceTree = "<group>";
		};
		AC5C44C9271D5545008A9229 /* Products */ = {
			isa = PBXGroup;
			children = (
				AC5C44C8271D5545008A9229 /* ChuckNorris.app */,
				AC5C44DE271D5547008A9229 /* ChuckNorrisTests.xctest */,
				AC5C44E8271D5547008A9229 /* ChuckNorrisUITests.xctest */,
			);
			name = Products;
			sourceTree = "<group>";
		};
		AC5C44CA271D5545008A9229 /* ChuckNorris */ = {
			isa = PBXGroup;
			children = (
				AC89654F271D62BC00BD7DB3 /* Common */,
				AC896535271D58E500BD7DB3 /* Network */,
				AC89653F271D60CA00BD7DB3 /* Extension */,
				AC896542271D613D00BD7DB3 /* Modules */,
				AC5C44CB271D5545008A9229 /* AppDelegate.swift */,
				AC5C44D4271D5547008A9229 /* Assets.xcassets */,
				AC5C44D9271D5547008A9229 /* Info.plist */,
			);
			path = ChuckNorris;
			sourceTree = "<group>";
		};
		AC5C44E1271D5547008A9229 /* ChuckNorrisTests */ = {
			isa = PBXGroup;
			children = (
				AC5C44E2271D5547008A9229 /* ChuckNorrisTests.swift */,
			);
			path = ChuckNorrisTests;
			sourceTree = "<group>";
		};
		AC5C44EB271D5547008A9229 /* ChuckNorrisUITests */ = {
			isa = PBXGroup;
			children = (
				AC5C44EC271D5547008A9229 /* ChuckNorrisUITests.swift */,
				AC5C44EE271D5547008A9229 /* ChuckNorrisUITestsLaunchTests.swift */,
			);
			path = ChuckNorrisUITests;
			sourceTree = "<group>";
		};
		AC896535271D58E500BD7DB3 /* Network */ = {
			isa = PBXGroup;
			children = (
				AC896537271D590500BD7DB3 /* ChuckNorrisApi.swift */,
				AC89653C271D5C7C00BD7DB3 /* ChuckNorrisModel.swift */,
				AC89653A271D5A0500BD7DB3 /* ChuckNorrisManager.swift */,
			);
			path = Network;
			sourceTree = "<group>";
		};
		AC89653F271D60CA00BD7DB3 /* Extension */ = {
			isa = PBXGroup;
			children = (
				AC896540271D60DC00BD7DB3 /* UIImageView+Extension.swift */,
			);
			path = Extension;
			sourceTree = "<group>";
		};
		AC896542271D613D00BD7DB3 /* Modules */ = {
			isa = PBXGroup;
			children = (
				AC896553271D644F00BD7DB3 /* Launch */,
				AC896552271D644200BD7DB3 /* Categories */,
			);
			path = Modules;
			sourceTree = "<group>";
		};
		AC89654F271D62BC00BD7DB3 /* Common */ = {
			isa = PBXGroup;
			children = (
				AC896550271D62C400BD7DB3 /* Router.swift */,
			);
			path = Common;
			sourceTree = "<group>";
		};
		AC896552271D644200BD7DB3 /* Categories */ = {
			isa = PBXGroup;
			children = (
				AC896543271D615400BD7DB3 /* CategoriesListBuilder.swift */,
				AC896545271D615C00BD7DB3 /* CategoriesListInteractor.swift */,
				AC896547271D616500BD7DB3 /* CategoriesListPresenter.swift */,
				AC896549271D616C00BD7DB3 /* CategoriesListRouter.swift */,
				AC89654B271D617900BD7DB3 /* CategoriesListViewController.swift */,
				AC89654D271D618100BD7DB3 /* CategoriesList.storyboard */,
			);
			path = Categories;
			sourceTree = "<group>";
		};
		AC896553271D644F00BD7DB3 /* Launch */ = {
			isa = PBXGroup;
			children = (
				AC5C44D6271D5547008A9229 /* LaunchScreen.storyboard */,
			);
			path = Launch;
			sourceTree = "<group>";
		};
		D5F504C0EC17CA99D425EEF7 /* Frameworks */ = {
			isa = PBXGroup;
			children = (
				51F256EBADC84AB06289C8E7 /* Pods_ChuckNorris.framework */,
				4587DB87F20A49E3A30DBE5E /* Pods_ChuckNorris_ChuckNorrisUITests.framework */,
				00906793C58A59CBBE6FC67D /* Pods_ChuckNorrisTests.framework */,
			);
			name = Frameworks;
			sourceTree = "<group>";
		};
/* End PBXGroup section */

/* Begin PBXNativeTarget section */
		AC5C44C7271D5545008A9229 /* ChuckNorris */ = {
			isa = PBXNativeTarget;
			buildConfigurationList = AC5C44F2271D5547008A9229 /* Build configuration list for PBXNativeTarget "ChuckNorris" */;
			buildPhases = (
				AA9F9647082FFDA859878DCC /* [CP] Check Pods Manifest.lock */,
				AC5C44C4271D5545008A9229 /* Sources */,
				AC5C44C5271D5545008A9229 /* Frameworks */,
				AC5C44C6271D5545008A9229 /* Resources */,
				946D4A2F7640DB41B89C61EC /* [CP] Embed Pods Frameworks */,
			);
			buildRules = (
			);
			dependencies = (
			);
			name = ChuckNorris;
			productName = ChuckNorris;
			productReference = AC5C44C8271D5545008A9229 /* ChuckNorris.app */;
			productType = "com.apple.product-type.application";
		};
		AC5C44DD271D5547008A9229 /* ChuckNorrisTests */ = {
			isa = PBXNativeTarget;
			buildConfigurationList = AC5C44F5271D5547008A9229 /* Build configuration list for PBXNativeTarget "ChuckNorrisTests" */;
			buildPhases = (
				CB966D6F80CA82F21F008137 /* [CP] Check Pods Manifest.lock */,
				AC5C44DA271D5547008A9229 /* Sources */,
				AC5C44DB271D5547008A9229 /* Frameworks */,
				AC5C44DC271D5547008A9229 /* Resources */,
			);
			buildRules = (
			);
			dependencies = (
				AC5C44E0271D5547008A9229 /* PBXTargetDependency */,
			);
			name = ChuckNorrisTests;
			productName = ChuckNorrisTests;
			productReference = AC5C44DE271D5547008A9229 /* ChuckNorrisTests.xctest */;
			productType = "com.apple.product-type.bundle.unit-test";
		};
		AC5C44E7271D5547008A9229 /* ChuckNorrisUITests */ = {
			isa = PBXNativeTarget;
			buildConfigurationList = AC5C44F8271D5547008A9229 /* Build configuration list for PBXNativeTarget "ChuckNorrisUITests" */;
			buildPhases = (
				F5879F65553A3385D3832FC3 /* [CP] Check Pods Manifest.lock */,
				AC5C44E4271D5547008A9229 /* Sources */,
				AC5C44E5271D5547008A9229 /* Frameworks */,
				AC5C44E6271D5547008A9229 /* Resources */,
				A9A81D0C4063F2901FED43E9 /* [CP] Embed Pods Frameworks */,
			);
			buildRules = (
			);
			dependencies = (
				AC5C44EA271D5547008A9229 /* PBXTargetDependency */,
			);
			name = ChuckNorrisUITests;
			productName = ChuckNorrisUITests;
			productReference = AC5C44E8271D5547008A9229 /* ChuckNorrisUITests.xctest */;
			productType = "com.apple.product-type.bundle.ui-testing";
		};
/* End PBXNativeTarget section */

/* Begin PBXProject section */
		AC5C44C0271D5545008A9229 /* Project object */ = {
			isa = PBXProject;
			attributes = {
				BuildIndependentTargetsInParallel = 1;
				LastSwiftUpdateCheck = 1300;
				LastUpgradeCheck = 1300;
				TargetAttributes = {
					AC5C44C7271D5545008A9229 = {
						CreatedOnToolsVersion = 13.0;
					};
					AC5C44DD271D5547008A9229 = {
						CreatedOnToolsVersion = 13.0;
						TestTargetID = AC5C44C7271D5545008A9229;
					};
					AC5C44E7271D5547008A9229 = {
						CreatedOnToolsVersion = 13.0;
						TestTargetID = AC5C44C7271D5545008A9229;
					};
				};
			};
			buildConfigurationList = AC5C44C3271D5545008A9229 /* Build configuration list for PBXProject "ChuckNorris" */;
			compatibilityVersion = "Xcode 13.0";
			developmentRegion = en;
			hasScannedForEncodings = 0;
			knownRegions = (
				en,
				Base,
			);
			mainGroup = AC5C44BF271D5545008A9229;
			productRefGroup = AC5C44C9271D5545008A9229 /* Products */;
			projectDirPath = "";
			projectRoot = "";
			targets = (
				AC5C44C7271D5545008A9229 /* ChuckNorris */,
				AC5C44DD271D5547008A9229 /* ChuckNorrisTests */,
				AC5C44E7271D5547008A9229 /* ChuckNorrisUITests */,
			);
		};
/* End PBXProject section */

/* Begin PBXResourcesBuildPhase section */
		AC5C44C6271D5545008A9229 /* Resources */ = {
			isa = PBXResourcesBuildPhase;
			buildActionMask = 2147483647;
			files = (
				AC5C44D8271D5547008A9229 /* LaunchScreen.storyboard in Resources */,
				AC5C44D5271D5547008A9229 /* Assets.xcassets in Resources */,
				AC89654E271D618100BD7DB3 /* CategoriesList.storyboard in Resources */,
			);
			runOnlyForDeploymentPostprocessing = 0;
		};
		AC5C44DC271D5547008A9229 /* Resources */ = {
			isa = PBXResourcesBuildPhase;
			buildActionMask = 2147483647;
			files = (
			);
			runOnlyForDeploymentPostprocessing = 0;
		};
		AC5C44E6271D5547008A9229 /* Resources */ = {
			isa = PBXResourcesBuildPhase;
			buildActionMask = 2147483647;
			files = (
			);
			runOnlyForDeploymentPostprocessing = 0;
		};
/* End PBXResourcesBuildPhase section */

/* Begin PBXShellScriptBuildPhase section */
		946D4A2F7640DB41B89C61EC /* [CP] Embed Pods Frameworks */ = {
			isa = PBXShellScriptBuildPhase;
			buildActionMask = 2147483647;
			files = (
			);
			inputFileListPaths = (
				"${PODS_ROOT}/Target Support Files/Pods-ChuckNorris/Pods-ChuckNorris-frameworks-${CONFIGURATION}-input-files.xcfilelist",
			);
			name = "[CP] Embed Pods Frameworks";
			outputFileListPaths = (
				"${PODS_ROOT}/Target Support Files/Pods-ChuckNorris/Pods-ChuckNorris-frameworks-${CONFIGURATION}-output-files.xcfilelist",
			);
			runOnlyForDeploymentPostprocessing = 0;
			shellPath = /bin/sh;
			shellScript = "\"${PODS_ROOT}/Target Support Files/Pods-ChuckNorris/Pods-ChuckNorris-frameworks.sh\"\n";
			showEnvVarsInLog = 0;
		};
		A9A81D0C4063F2901FED43E9 /* [CP] Embed Pods Frameworks */ = {
			isa = PBXShellScriptBuildPhase;
			buildActionMask = 2147483647;
			files = (
			);
			inputFileListPaths = (
				"${PODS_ROOT}/Target Support Files/Pods-ChuckNorris-ChuckNorrisUITests/Pods-ChuckNorris-ChuckNorrisUITests-frameworks-${CONFIGURATION}-input-files.xcfilelist",
			);
			name = "[CP] Embed Pods Frameworks";
			outputFileListPaths = (
				"${PODS_ROOT}/Target Support Files/Pods-ChuckNorris-ChuckNorrisUITests/Pods-ChuckNorris-ChuckNorrisUITests-frameworks-${CONFIGURATION}-output-files.xcfilelist",
			);
			runOnlyForDeploymentPostprocessing = 0;
			shellPath = /bin/sh;
			shellScript = "\"${PODS_ROOT}/Target Support Files/Pods-ChuckNorris-ChuckNorrisUITests/Pods-ChuckNorris-ChuckNorrisUITests-frameworks.sh\"\n";
			showEnvVarsInLog = 0;
		};
		AA9F9647082FFDA859878DCC /* [CP] Check Pods Manifest.lock */ = {
			isa = PBXShellScriptBuildPhase;
			buildActionMask = 2147483647;
			files = (
			);
			inputFileListPaths = (
			);
			inputPaths = (
				"${PODS_PODFILE_DIR_PATH}/Podfile.lock",
				"${PODS_ROOT}/Manifest.lock",
			);
			name = "[CP] Check Pods Manifest.lock";
			outputFileListPaths = (
			);
			outputPaths = (
				"$(DERIVED_FILE_DIR)/Pods-ChuckNorris-checkManifestLockResult.txt",
			);
			runOnlyForDeploymentPostprocessing = 0;
			shellPath = /bin/sh;
			shellScript = "diff \"${PODS_PODFILE_DIR_PATH}/Podfile.lock\" \"${PODS_ROOT}/Manifest.lock\" > /dev/null\nif [ $? != 0 ] ; then\n    # print error to STDERR\n    echo \"error: The sandbox is not in sync with the Podfile.lock. Run 'pod install' or update your CocoaPods installation.\" >&2\n    exit 1\nfi\n# This output is used by Xcode 'outputs' to avoid re-running this script phase.\necho \"SUCCESS\" > \"${SCRIPT_OUTPUT_FILE_0}\"\n";
			showEnvVarsInLog = 0;
		};
		CB966D6F80CA82F21F008137 /* [CP] Check Pods Manifest.lock */ = {
			isa = PBXShellScriptBuildPhase;
			buildActionMask = 2147483647;
			files = (
			);
			inputFileListPaths = (
			);
			inputPaths = (
				"${PODS_PODFILE_DIR_PATH}/Podfile.lock",
				"${PODS_ROOT}/Manifest.lock",
			);
			name = "[CP] Check Pods Manifest.lock";
			outputFileListPaths = (
			);
			outputPaths = (
				"$(DERIVED_FILE_DIR)/Pods-ChuckNorrisTests-checkManifestLockResult.txt",
			);
			runOnlyForDeploymentPostprocessing = 0;
			shellPath = /bin/sh;
			shellScript = "diff \"${PODS_PODFILE_DIR_PATH}/Podfile.lock\" \"${PODS_ROOT}/Manifest.lock\" > /dev/null\nif [ $? != 0 ] ; then\n    # print error to STDERR\n    echo \"error: The sandbox is not in sync with the Podfile.lock. Run 'pod install' or update your CocoaPods installation.\" >&2\n    exit 1\nfi\n# This output is used by Xcode 'outputs' to avoid re-running this script phase.\necho \"SUCCESS\" > \"${SCRIPT_OUTPUT_FILE_0}\"\n";
			showEnvVarsInLog = 0;
		};
		F5879F65553A3385D3832FC3 /* [CP] Check Pods Manifest.lock */ = {
			isa = PBXShellScriptBuildPhase;
			buildActionMask = 2147483647;
			files = (
			);
			inputFileListPaths = (
			);
			inputPaths = (
				"${PODS_PODFILE_DIR_PATH}/Podfile.lock",
				"${PODS_ROOT}/Manifest.lock",
			);
			name = "[CP] Check Pods Manifest.lock";
			outputFileListPaths = (
			);
			outputPaths = (
				"$(DERIVED_FILE_DIR)/Pods-ChuckNorris-ChuckNorrisUITests-checkManifestLockResult.txt",
			);
			runOnlyForDeploymentPostprocessing = 0;
			shellPath = /bin/sh;
			shellScript = "diff \"${PODS_PODFILE_DIR_PATH}/Podfile.lock\" \"${PODS_ROOT}/Manifest.lock\" > /dev/null\nif [ $? != 0 ] ; then\n    # print error to STDERR\n    echo \"error: The sandbox is not in sync with the Podfile.lock. Run 'pod install' or update your CocoaPods installation.\" >&2\n    exit 1\nfi\n# This output is used by Xcode 'outputs' to avoid re-running this script phase.\necho \"SUCCESS\" > \"${SCRIPT_OUTPUT_FILE_0}\"\n";
			showEnvVarsInLog = 0;
		};
/* End PBXShellScriptBuildPhase section */

/* Begin PBXSourcesBuildPhase section */
		AC5C44C4271D5545008A9229 /* Sources */ = {
			isa = PBXSourcesBuildPhase;
			buildActionMask = 2147483647;
			files = (
				AC896541271D60DC00BD7DB3 /* UIImageView+Extension.swift in Sources */,
				AC896538271D590500BD7DB3 /* ChuckNorrisApi.swift in Sources */,
				AC89653B271D5A0500BD7DB3 /* ChuckNorrisManager.swift in Sources */,
				AC896548271D616500BD7DB3 /* CategoriesListPresenter.swift in Sources */,
				AC896551271D62C400BD7DB3 /* Router.swift in Sources */,
				AC896544271D615400BD7DB3 /* CategoriesListBuilder.swift in Sources */,
				AC89654C271D617900BD7DB3 /* CategoriesListViewController.swift in Sources */,
				AC89654A271D616C00BD7DB3 /* CategoriesListRouter.swift in Sources */,
				AC89653D271D5C7C00BD7DB3 /* ChuckNorrisModel.swift in Sources */,
				AC896546271D615C00BD7DB3 /* CategoriesListInteractor.swift in Sources */,
				AC5C44CC271D5545008A9229 /* AppDelegate.swift in Sources */,
			);
			runOnlyForDeploymentPostprocessing = 0;
		};
		AC5C44DA271D5547008A9229 /* Sources */ = {
			isa = PBXSourcesBuildPhase;
			buildActionMask = 2147483647;
			files = (
				AC5C44E3271D5547008A9229 /* ChuckNorrisTests.swift in Sources */,
			);
			runOnlyForDeploymentPostprocessing = 0;
		};
		AC5C44E4271D5547008A9229 /* Sources */ = {
			isa = PBXSourcesBuildPhase;
			buildActionMask = 2147483647;
			files = (
				AC5C44EF271D5547008A9229 /* ChuckNorrisUITestsLaunchTests.swift in Sources */,
				AC5C44ED271D5547008A9229 /* ChuckNorrisUITests.swift in Sources */,
			);
			runOnlyForDeploymentPostprocessing = 0;
		};
/* End PBXSourcesBuildPhase section */

/* Begin PBXTargetDependency section */
		AC5C44E0271D5547008A9229 /* PBXTargetDependency */ = {
			isa = PBXTargetDependency;
			target = AC5C44C7271D5545008A9229 /* ChuckNorris */;
			targetProxy = AC5C44DF271D5547008A9229 /* PBXContainerItemProxy */;
		};
		AC5C44EA271D5547008A9229 /* PBXTargetDependency */ = {
			isa = PBXTargetDependency;
			target = AC5C44C7271D5545008A9229 /* ChuckNorris */;
			targetProxy = AC5C44E9271D5547008A9229 /* PBXContainerItemProxy */;
		};
/* End PBXTargetDependency section */

/* Begin PBXVariantGroup section */
		AC5C44D6271D5547008A9229 /* LaunchScreen.storyboard */ = {
			isa = PBXVariantGroup;
			children = (
				AC5C44D7271D5547008A9229 /* Base */,
			);
			name = LaunchScreen.storyboard;
			sourceTree = "<group>";
		};
/* End PBXVariantGroup section */

/* Begin XCBuildConfiguration section */
		AC5C44F0271D5547008A9229 /* Debug */ = {
			isa = XCBuildConfiguration;
			buildSettings = {
				ALWAYS_SEARCH_USER_PATHS = NO;
				CLANG_ANALYZER_NONNULL = YES;
				CLANG_ANALYZER_NUMBER_OBJECT_CONVERSION = YES_AGGRESSIVE;
				CLANG_CXX_LANGUAGE_STANDARD = "gnu++17";
				CLANG_CXX_LIBRARY = "libc++";
				CLANG_ENABLE_MODULES = YES;
				CLANG_ENABLE_OBJC_ARC = YES;
				CLANG_ENABLE_OBJC_WEAK = YES;
				CLANG_WARN_BLOCK_CAPTURE_AUTORELEASING = YES;
				CLANG_WARN_BOOL_CONVERSION = YES;
				CLANG_WARN_COMMA = YES;
				CLANG_WARN_CONSTANT_CONVERSION = YES;
				CLANG_WARN_DEPRECATED_OBJC_IMPLEMENTATIONS = YES;
				CLANG_WARN_DIRECT_OBJC_ISA_USAGE = YES_ERROR;
				CLANG_WARN_DOCUMENTATION_COMMENTS = YES;
				CLANG_WARN_EMPTY_BODY = YES;
				CLANG_WARN_ENUM_CONVERSION = YES;
				CLANG_WARN_INFINITE_RECURSION = YES;
				CLANG_WARN_INT_CONVERSION = YES;
				CLANG_WARN_NON_LITERAL_NULL_CONVERSION = YES;
				CLANG_WARN_OBJC_IMPLICIT_RETAIN_SELF = YES;
				CLANG_WARN_OBJC_LITERAL_CONVERSION = YES;
				CLANG_WARN_OBJC_ROOT_CLASS = YES_ERROR;
				CLANG_WARN_QUOTED_INCLUDE_IN_FRAMEWORK_HEADER = YES;
				CLANG_WARN_RANGE_LOOP_ANALYSIS = YES;
				CLANG_WARN_STRICT_PROTOTYPES = YES;
				CLANG_WARN_SUSPICIOUS_MOVE = YES;
				CLANG_WARN_UNGUARDED_AVAILABILITY = YES_AGGRESSIVE;
				CLANG_WARN_UNREACHABLE_CODE = YES;
				CLANG_WARN__DUPLICATE_METHOD_MATCH = YES;
				COPY_PHASE_STRIP = NO;
				DEBUG_INFORMATION_FORMAT = dwarf;
				ENABLE_STRICT_OBJC_MSGSEND = YES;
				ENABLE_TESTABILITY = YES;
				GCC_C_LANGUAGE_STANDARD = gnu11;
				GCC_DYNAMIC_NO_PIC = NO;
				GCC_NO_COMMON_BLOCKS = YES;
				GCC_OPTIMIZATION_LEVEL = 0;
				GCC_PREPROCESSOR_DEFINITIONS = (
					"DEBUG=1",
					"$(inherited)",
				);
				GCC_WARN_64_TO_32_BIT_CONVERSION = YES;
				GCC_WARN_ABOUT_RETURN_TYPE = YES_ERROR;
				GCC_WARN_UNDECLARED_SELECTOR = YES;
				GCC_WARN_UNINITIALIZED_AUTOS = YES_AGGRESSIVE;
				GCC_WARN_UNUSED_FUNCTION = YES;
				GCC_WARN_UNUSED_VARIABLE = YES;
				IPHONEOS_DEPLOYMENT_TARGET = 15.0;
				MTL_ENABLE_DEBUG_INFO = INCLUDE_SOURCE;
				MTL_FAST_MATH = YES;
				ONLY_ACTIVE_ARCH = YES;
				SDKROOT = iphoneos;
				SWIFT_ACTIVE_COMPILATION_CONDITIONS = DEBUG;
				SWIFT_OPTIMIZATION_LEVEL = "-Onone";
			};
			name = Debug;
		};
		AC5C44F1271D5547008A9229 /* Release */ = {
			isa = XCBuildConfiguration;
			buildSettings = {
				ALWAYS_SEARCH_USER_PATHS = NO;
				CLANG_ANALYZER_NONNULL = YES;
				CLANG_ANALYZER_NUMBER_OBJECT_CONVERSION = YES_AGGRESSIVE;
				CLANG_CXX_LANGUAGE_STANDARD = "gnu++17";
				CLANG_CXX_LIBRARY = "libc++";
				CLANG_ENABLE_MODULES = YES;
				CLANG_ENABLE_OBJC_ARC = YES;
				CLANG_ENABLE_OBJC_WEAK = YES;
				CLANG_WARN_BLOCK_CAPTURE_AUTORELEASING = YES;
				CLANG_WARN_BOOL_CONVERSION = YES;
				CLANG_WARN_COMMA = YES;
				CLANG_WARN_CONSTANT_CONVERSION = YES;
				CLANG_WARN_DEPRECATED_OBJC_IMPLEMENTATIONS = YES;
				CLANG_WARN_DIRECT_OBJC_ISA_USAGE = YES_ERROR;
				CLANG_WARN_DOCUMENTATION_COMMENTS = YES;
				CLANG_WARN_EMPTY_BODY = YES;
				CLANG_WARN_ENUM_CONVERSION = YES;
				CLANG_WARN_INFINITE_RECURSION = YES;
				CLANG_WARN_INT_CONVERSION = YES;
				CLANG_WARN_NON_LITERAL_NULL_CONVERSION = YES;
				CLANG_WARN_OBJC_IMPLICIT_RETAIN_SELF = YES;
				CLANG_WARN_OBJC_LITERAL_CONVERSION = YES;
				CLANG_WARN_OBJC_ROOT_CLASS = YES_ERROR;
				CLANG_WARN_QUOTED_INCLUDE_IN_FRAMEWORK_HEADER = YES;
				CLANG_WARN_RANGE_LOOP_ANALYSIS = YES;
				CLANG_WARN_STRICT_PROTOTYPES = YES;
				CLANG_WARN_SUSPICIOUS_MOVE = YES;
				CLANG_WARN_UNGUARDED_AVAILABILITY = YES_AGGRESSIVE;
				CLANG_WARN_UNREACHABLE_CODE = YES;
				CLANG_WARN__DUPLICATE_METHOD_MATCH = YES;
				COPY_PHASE_STRIP = NO;
				DEBUG_INFORMATION_FORMAT = "dwarf-with-dsym";
				ENABLE_NS_ASSERTIONS = NO;
				ENABLE_STRICT_OBJC_MSGSEND = YES;
				GCC_C_LANGUAGE_STANDARD = gnu11;
				GCC_NO_COMMON_BLOCKS = YES;
				GCC_WARN_64_TO_32_BIT_CONVERSION = YES;
				GCC_WARN_ABOUT_RETURN_TYPE = YES_ERROR;
				GCC_WARN_UNDECLARED_SELECTOR = YES;
				GCC_WARN_UNINITIALIZED_AUTOS = YES_AGGRESSIVE;
				GCC_WARN_UNUSED_FUNCTION = YES;
				GCC_WARN_UNUSED_VARIABLE = YES;
				IPHONEOS_DEPLOYMENT_TARGET = 15.0;
				MTL_ENABLE_DEBUG_INFO = NO;
				MTL_FAST_MATH = YES;
				SDKROOT = iphoneos;
				SWIFT_COMPILATION_MODE = wholemodule;
				SWIFT_OPTIMIZATION_LEVEL = "-O";
				VALIDATE_PRODUCT = YES;
			};
			name = Release;
		};
		AC5C44F3271D5547008A9229 /* Debug */ = {
			isa = XCBuildConfiguration;
			baseConfigurationReference = D3B1DA1B5AE3556F2C05077D /* Pods-ChuckNorris.debug.xcconfig */;
			buildSettings = {
				ASSETCATALOG_COMPILER_APPICON_NAME = AppIcon;
				ASSETCATALOG_COMPILER_GLOBAL_ACCENT_COLOR_NAME = AccentColor;
				CODE_SIGN_STYLE = Automatic;
				CURRENT_PROJECT_VERSION = 1;
				GENERATE_INFOPLIST_FILE = YES;
				INFOPLIST_FILE = ChuckNorris/Info.plist;
				INFOPLIST_KEY_UIApplicationSupportsIndirectInputEvents = YES;
				INFOPLIST_KEY_UILaunchStoryboardName = LaunchScreen;
				INFOPLIST_KEY_UIMainStoryboardFile = CategoriesList;
				INFOPLIST_KEY_UISupportedInterfaceOrientations = UIInterfaceOrientationPortrait;
				INFOPLIST_KEY_UISupportedInterfaceOrientations_iPad = "UIInterfaceOrientationPortrait UIInterfaceOrientationPortraitUpsideDown UIInterfaceOrientationLandscapeLeft UIInterfaceOrientationLandscapeRight";
				INFOPLIST_KEY_UISupportedInterfaceOrientations_iPhone = "UIInterfaceOrientationPortrait UIInterfaceOrientationLandscapeLeft UIInterfaceOrientationLandscapeRight";
				IPHONEOS_DEPLOYMENT_TARGET = 13.0;
				LD_RUNPATH_SEARCH_PATHS = (
					"$(inherited)",
					"@executable_path/Frameworks",
				);
				MARKETING_VERSION = 1.0;
				PRODUCT_BUNDLE_IDENTIFIER = victorrodrigues.ChuckNorris;
				PRODUCT_NAME = "$(TARGET_NAME)";
				SWIFT_EMIT_LOC_STRINGS = YES;
				SWIFT_VERSION = 5.0;
				TARGETED_DEVICE_FAMILY = 1;
			};
			name = Debug;
		};
		AC5C44F4271D5547008A9229 /* Release */ = {
			isa = XCBuildConfiguration;
			baseConfigurationReference = 0F702918C0E34841973AF4B5 /* Pods-ChuckNorris.release.xcconfig */;
			buildSettings = {
				ASSETCATALOG_COMPILER_APPICON_NAME = AppIcon;
				ASSETCATALOG_COMPILER_GLOBAL_ACCENT_COLOR_NAME = AccentColor;
				CODE_SIGN_STYLE = Automatic;
				CURRENT_PROJECT_VERSION = 1;
				GENERATE_INFOPLIST_FILE = YES;
				INFOPLIST_FILE = ChuckNorris/Info.plist;
				INFOPLIST_KEY_UIApplicationSupportsIndirectInputEvents = YES;
				INFOPLIST_KEY_UILaunchStoryboardName = LaunchScreen;
				INFOPLIST_KEY_UIMainStoryboardFile = CategoriesList;
				INFOPLIST_KEY_UISupportedInterfaceOrientations = UIInterfaceOrientationPortrait;
				INFOPLIST_KEY_UISupportedInterfaceOrientations_iPad = "UIInterfaceOrientationPortrait UIInterfaceOrientationPortraitUpsideDown UIInterfaceOrientationLandscapeLeft UIInterfaceOrientationLandscapeRight";
				INFOPLIST_KEY_UISupportedInterfaceOrientations_iPhone = "UIInterfaceOrientationPortrait UIInterfaceOrientationLandscapeLeft UIInterfaceOrientationLandscapeRight";
				IPHONEOS_DEPLOYMENT_TARGET = 13.0;
				LD_RUNPATH_SEARCH_PATHS = (
					"$(inherited)",
					"@executable_path/Frameworks",
				);
				MARKETING_VERSION = 1.0;
				PRODUCT_BUNDLE_IDENTIFIER = victorrodrigues.ChuckNorris;
				PRODUCT_NAME = "$(TARGET_NAME)";
				SWIFT_EMIT_LOC_STRINGS = YES;
				SWIFT_VERSION = 5.0;
				TARGETED_DEVICE_FAMILY = 1;
			};
			name = Release;
		};
		AC5C44F6271D5547008A9229 /* Debug */ = {
			isa = XCBuildConfiguration;
			baseConfigurationReference = 6D7FA2A4BBF7CFAEABD48288 /* Pods-ChuckNorrisTests.debug.xcconfig */;
			buildSettings = {
				ALWAYS_EMBED_SWIFT_STANDARD_LIBRARIES = YES;
				BUNDLE_LOADER = "$(TEST_HOST)";
				CODE_SIGN_STYLE = Automatic;
				CURRENT_PROJECT_VERSION = 1;
				GENERATE_INFOPLIST_FILE = YES;
				IPHONEOS_DEPLOYMENT_TARGET = 15.0;
				LD_RUNPATH_SEARCH_PATHS = (
					"$(inherited)",
					"@executable_path/Frameworks",
					"@loader_path/Frameworks",
				);
				MARKETING_VERSION = 1.0;
				PRODUCT_BUNDLE_IDENTIFIER = victorrodrigues.ChuckNorrisTests;
				PRODUCT_NAME = "$(TARGET_NAME)";
				SWIFT_EMIT_LOC_STRINGS = NO;
				SWIFT_VERSION = 5.0;
				TARGETED_DEVICE_FAMILY = "1,2";
				TEST_HOST = "$(BUILT_PRODUCTS_DIR)/ChuckNorris.app/ChuckNorris";
			};
			name = Debug;
		};
		AC5C44F7271D5547008A9229 /* Release */ = {
			isa = XCBuildConfiguration;
			baseConfigurationReference = F4DC9D2698CFE2889D7F341F /* Pods-ChuckNorrisTests.release.xcconfig */;
			buildSettings = {
				ALWAYS_EMBED_SWIFT_STANDARD_LIBRARIES = YES;
				BUNDLE_LOADER = "$(TEST_HOST)";
				CODE_SIGN_STYLE = Automatic;
				CURRENT_PROJECT_VERSION = 1;
				GENERATE_INFOPLIST_FILE = YES;
				IPHONEOS_DEPLOYMENT_TARGET = 15.0;
				LD_RUNPATH_SEARCH_PATHS = (
					"$(inherited)",
					"@executable_path/Frameworks",
					"@loader_path/Frameworks",
				);
				MARKETING_VERSION = 1.0;
				PRODUCT_BUNDLE_IDENTIFIER = victorrodrigues.ChuckNorrisTests;
				PRODUCT_NAME = "$(TARGET_NAME)";
				SWIFT_EMIT_LOC_STRINGS = NO;
				SWIFT_VERSION = 5.0;
				TARGETED_DEVICE_FAMILY = "1,2";
				TEST_HOST = "$(BUILT_PRODUCTS_DIR)/ChuckNorris.app/ChuckNorris";
			};
			name = Release;
		};
		AC5C44F9271D5547008A9229 /* Debug */ = {
			isa = XCBuildConfiguration;
			baseConfigurationReference = C241DA8090B1F1B05E6D9A77 /* Pods-ChuckNorris-ChuckNorrisUITests.debug.xcconfig */;
			buildSettings = {
				ALWAYS_EMBED_SWIFT_STANDARD_LIBRARIES = YES;
				CODE_SIGN_STYLE = Automatic;
				CURRENT_PROJECT_VERSION = 1;
				GENERATE_INFOPLIST_FILE = YES;
				LD_RUNPATH_SEARCH_PATHS = (
					"$(inherited)",
					"@executable_path/Frameworks",
					"@loader_path/Frameworks",
				);
				MARKETING_VERSION = 1.0;
				PRODUCT_BUNDLE_IDENTIFIER = victorrodrigues.ChuckNorrisUITests;
				PRODUCT_NAME = "$(TARGET_NAME)";
				SWIFT_EMIT_LOC_STRINGS = NO;
				SWIFT_VERSION = 5.0;
				TARGETED_DEVICE_FAMILY = "1,2";
				TEST_TARGET_NAME = ChuckNorris;
			};
			name = Debug;
		};
		AC5C44FA271D5547008A9229 /* Release */ = {
			isa = XCBuildConfiguration;
			baseConfigurationReference = 14E4F85F50FEAF4756A476CC /* Pods-ChuckNorris-ChuckNorrisUITests.release.xcconfig */;
			buildSettings = {
				ALWAYS_EMBED_SWIFT_STANDARD_LIBRARIES = YES;
				CODE_SIGN_STYLE = Automatic;
				CURRENT_PROJECT_VERSION = 1;
				GENERATE_INFOPLIST_FILE = YES;
				LD_RUNPATH_SEARCH_PATHS = (
					"$(inherited)",
					"@executable_path/Frameworks",
					"@loader_path/Frameworks",
				);
				MARKETING_VERSION = 1.0;
				PRODUCT_BUNDLE_IDENTIFIER = victorrodrigues.ChuckNorrisUITests;
				PRODUCT_NAME = "$(TARGET_NAME)";
				SWIFT_EMIT_LOC_STRINGS = NO;
				SWIFT_VERSION = 5.0;
				TARGETED_DEVICE_FAMILY = "1,2";
				TEST_TARGET_NAME = ChuckNorris;
			};
			name = Release;
		};
/* End XCBuildConfiguration section */

/* Begin XCConfigurationList section */
		AC5C44C3271D5545008A9229 /* Build configuration list for PBXProject "ChuckNorris" */ = {
			isa = XCConfigurationList;
			buildConfigurations = (
				AC5C44F0271D5547008A9229 /* Debug */,
				AC5C44F1271D5547008A9229 /* Release */,
			);
			defaultConfigurationIsVisible = 0;
			defaultConfigurationName = Release;
		};
		AC5C44F2271D5547008A9229 /* Build configuration list for PBXNativeTarget "ChuckNorris" */ = {
			isa = XCConfigurationList;
			buildConfigurations = (
				AC5C44F3271D5547008A9229 /* Debug */,
				AC5C44F4271D5547008A9229 /* Release */,
			);
			defaultConfigurationIsVisible = 0;
			defaultConfigurationName = Release;
		};
		AC5C44F5271D5547008A9229 /* Build configuration list for PBXNativeTarget "ChuckNorrisTests" */ = {
			isa = XCConfigurationList;
			buildConfigurations = (
				AC5C44F6271D5547008A9229 /* Debug */,
				AC5C44F7271D5547008A9229 /* Release */,
			);
			defaultConfigurationIsVisible = 0;
			defaultConfigurationName = Release;
		};
		AC5C44F8271D5547008A9229 /* Build configuration list for PBXNativeTarget "ChuckNorrisUITests" */ = {
			isa = XCConfigurationList;
			buildConfigurations = (
				AC5C44F9271D5547008A9229 /* Debug */,
				AC5C44FA271D5547008A9229 /* Release */,
			);
			defaultConfigurationIsVisible = 0;
			defaultConfigurationName = Release;
		};
/* End XCConfigurationList section */
	};
	rootObject = AC5C44C0271D5545008A9229 /* Project object */;
}
